// !$*UTF8*$!
{
	archiveVersion = 1;
	classes = {
	};
	objectVersion = 50;
	objects = {

/* Begin PBXBuildFile section */
		89BBCC3D220703520096169F /* AppDelegate.swift in Sources */ = {isa = PBXBuildFile; fileRef = 89BBCC3C220703520096169F /* AppDelegate.swift */; };
		89BBCC3F220703520096169F /* ViewController.swift in Sources */ = {isa = PBXBuildFile; fileRef = 89BBCC3E220703520096169F /* ViewController.swift */; };
		89BBCC42220703520096169F /* Main.storyboard in Resources */ = {isa = PBXBuildFile; fileRef = 89BBCC40220703520096169F /* Main.storyboard */; };
		89BBCC44220703670096169F /* Assets.xcassets in Resources */ = {isa = PBXBuildFile; fileRef = 89BBCC43220703670096169F /* Assets.xcassets */; };
		89BBCC47220703670096169F /* LaunchScreen.storyboard in Resources */ = {isa = PBXBuildFile; fileRef = 89BBCC45220703670096169F /* LaunchScreen.storyboard */; };
		89BBCC52220703670096169F /* ThreadsTests.swift in Sources */ = {isa = PBXBuildFile; fileRef = 89BBCC51220703670096169F /* ThreadsTests.swift */; };
		89BBCC5D220703670096169F /* ThreadsUITests.swift in Sources */ = {isa = PBXBuildFile; fileRef = 89BBCC5C220703670096169F /* ThreadsUITests.swift */; };
/* End PBXBuildFile section */

/* Begin PBXContainerItemProxy section */
		89BBCC4E220703670096169F /* PBXContainerItemProxy */ = {
			isa = PBXContainerItemProxy;
			containerPortal = 89BBCC31220703520096169F /* Project object */;
			proxyType = 1;
			remoteGlobalIDString = 89BBCC38220703520096169F;
			remoteInfo = Threads;
		};
		89BBCC59220703670096169F /* PBXContainerItemProxy */ = {
			isa = PBXContainerItemProxy;
			containerPortal = 89BBCC31220703520096169F /* Project object */;
			proxyType = 1;
			remoteGlobalIDString = 89BBCC38220703520096169F;
			remoteInfo = Threads;
		};
/* End PBXContainerItemProxy section */

/* Begin PBXFileReference section */
		89BBCC39220703520096169F /* Threads.app */ = {isa = PBXFileReference; explicitFileType = wrapper.application; includeInIndex = 0; path = Threads.app; sourceTree = BUILT_PRODUCTS_DIR; };
		89BBCC3C220703520096169F /* AppDelegate.swift */ = {isa = PBXFileReference; lastKnownFileType = sourcecode.swift; path = AppDelegate.swift; sourceTree = "<group>"; };
		89BBCC3E220703520096169F /* ViewController.swift */ = {isa = PBXFileReference; lastKnownFileType = sourcecode.swift; path = ViewController.swift; sourceTree = "<group>"; };
		89BBCC41220703520096169F /* Base */ = {isa = PBXFileReference; lastKnownFileType = file.storyboard; name = Base; path = Base.lproj/Main.storyboard; sourceTree = "<group>"; };
		89BBCC43220703670096169F /* Assets.xcassets */ = {isa = PBXFileReference; lastKnownFileType = folder.assetcatalog; path = Assets.xcassets; sourceTree = "<group>"; };
		89BBCC46220703670096169F /* Base */ = {isa = PBXFileReference; lastKnownFileType = file.storyboard; name = Base; path = Base.lproj/LaunchScreen.storyboard; sourceTree = "<group>"; };
		89BBCC48220703670096169F /* Info.plist */ = {isa = PBXFileReference; lastKnownFileType = text.plist.xml; path = Info.plist; sourceTree = "<group>"; };
		89BBCC4D220703670096169F /* ThreadsTests.xctest */ = {isa = PBXFileReference; explicitFileType = wrapper.cfbundle; includeInIndex = 0; path = ThreadsTests.xctest; sourceTree = BUILT_PRODUCTS_DIR; };
		89BBCC51220703670096169F /* ThreadsTests.swift */ = {isa = PBXFileReference; lastKnownFileType = sourcecode.swift; path = ThreadsTests.swift; sourceTree = "<group>"; };
		89BBCC53220703670096169F /* Info.plist */ = {isa = PBXFileReference; lastKnownFileType = text.plist.xml; path = Info.plist; sourceTree = "<group>"; };
		89BBCC58220703670096169F /* ThreadsUITests.xctest */ = {isa = PBXFileReference; explicitFileType = wrapper.cfbundle; includeInIndex = 0; path = ThreadsUITests.xctest; sourceTree = BUILT_PRODUCTS_DIR; };
		89BBCC5C220703670096169F /* ThreadsUITests.swift */ = {isa = PBXFileReference; lastKnownFileType = sourcecode.swift; path = ThreadsUITests.swift; sourceTree = "<group>"; };
		89BBCC5E220703670096169F /* Info.plist */ = {isa = PBXFileReference; lastKnownFileType = text.plist.xml; path = Info.plist; sourceTree = "<group>"; };
/* End PBXFileReference section */

/* Begin PBXFrameworksBuildPhase section */
		89BBCC36220703520096169F /* Frameworks */ = {
			isa = PBXFrameworksBuildPhase;
			buildActionMask = 2147483647;
			files = (
			);
			runOnlyForDeploymentPostprocessing = 0;
		};
		89BBCC4A220703670096169F /* Frameworks */ = {
			isa = PBXFrameworksBuildPhase;
			buildActionMask = 2147483647;
			files = (
			);
			runOnlyForDeploymentPostprocessing = 0;
		};
		89BBCC55220703670096169F /* Frameworks */ = {
			isa = PBXFrameworksBuildPhase;
			buildActionMask = 2147483647;
			files = (
			);
			runOnlyForDeploymentPostprocessing = 0;
		};
/* End PBXFrameworksBuildPhase section */

/* Begin PBXGroup section */
		89BBCC30220703520096169F = {
			isa = PBXGroup;
			children = (
				89BBCC3B220703520096169F /* Threads */,
				89BBCC50220703670096169F /* ThreadsTests */,
				89BBCC5B220703670096169F /* ThreadsUITests */,
				89BBCC3A220703520096169F /* Products */,
			);
			sourceTree = "<group>";
		};
		89BBCC3A220703520096169F /* Products */ = {
			isa = PBXGroup;
			children = (
				89BBCC39220703520096169F /* Threads.app */,
				89BBCC4D220703670096169F /* ThreadsTests.xctest */,
				89BBCC58220703670096169F /* ThreadsUITests.xctest */,
			);
			name = Products;
			sourceTree = "<group>";
		};
		89BBCC3B220703520096169F /* Threads */ = {
			isa = PBXGroup;
			children = (
				89BBCC3C220703520096169F /* AppDelegate.swift */,
				89BBCC3E220703520096169F /* ViewController.swift */,
				89BBCC40220703520096169F /* Main.storyboard */,
				89BBCC43220703670096169F /* Assets.xcassets */,
				89BBCC45220703670096169F /* LaunchScreen.storyboard */,
				89BBCC48220703670096169F /* Info.plist */,
			);
			path = Threads;
			sourceTree = "<group>";
		};
		89BBCC50220703670096169F /* ThreadsTests */ = {
			isa = PBXGroup;
			children = (
				89BBCC51220703670096169F /* ThreadsTests.swift */,
				89BBCC53220703670096169F /* Info.plist */,
			);
			path = ThreadsTests;
			sourceTree = "<group>";
		};
		89BBCC5B220703670096169F /* ThreadsUITests */ = {
			isa = PBXGroup;
			children = (
				89BBCC5C220703670096169F /* ThreadsUITests.swift */,
				89BBCC5E220703670096169F /* Info.plist */,
			);
			path = ThreadsUITests;
			sourceTree = "<group>";
		};
/* End PBXGroup section */

/* Begin PBXNativeTarget section */
		89BBCC38220703520096169F /* Threads */ = {
			isa = PBXNativeTarget;
			buildConfigurationList = 89BBCC61220703670096169F /* Build configuration list for PBXNativeTarget "Threads" */;
			buildPhases = (
				89BBCC35220703520096169F /* Sources */,
				89BBCC36220703520096169F /* Frameworks */,
				89BBCC37220703520096169F /* Resources */,
			);
			buildRules = (
			);
			dependencies = (
			);
			name = Threads;
			productName = Threads;
			productReference = 89BBCC39220703520096169F /* Threads.app */;
			productType = "com.apple.product-type.application";
		};
		89BBCC4C220703670096169F /* ThreadsTests */ = {
			isa = PBXNativeTarget;
			buildConfigurationList = 89BBCC64220703670096169F /* Build configuration list for PBXNativeTarget "ThreadsTests" */;
			buildPhases = (
				89BBCC49220703670096169F /* Sources */,
				89BBCC4A220703670096169F /* Frameworks */,
				89BBCC4B220703670096169F /* Resources */,
			);
			buildRules = (
			);
			dependencies = (
				89BBCC4F220703670096169F /* PBXTargetDependency */,
			);
			name = ThreadsTests;
			productName = ThreadsTests;
			productReference = 89BBCC4D220703670096169F /* ThreadsTests.xctest */;
			productType = "com.apple.product-type.bundle.unit-test";
		};
		89BBCC57220703670096169F /* ThreadsUITests */ = {
			isa = PBXNativeTarget;
			buildConfigurationList = 89BBCC67220703670096169F /* Build configuration list for PBXNativeTarget "ThreadsUITests" */;
			buildPhases = (
				89BBCC54220703670096169F /* Sources */,
				89BBCC55220703670096169F /* Frameworks */,
				89BBCC56220703670096169F /* Resources */,
			);
			buildRules = (
			);
			dependencies = (
				89BBCC5A220703670096169F /* PBXTargetDependency */,
			);
			name = ThreadsUITests;
			productName = ThreadsUITests;
			productReference = 89BBCC58220703670096169F /* ThreadsUITests.xctest */;
			productType = "com.apple.product-type.bundle.ui-testing";
		};
/* End PBXNativeTarget section */

/* Begin PBXProject section */
		89BBCC31220703520096169F /* Project object */ = {
			isa = PBXProject;
			attributes = {
				LastSwiftUpdateCheck = 1010;
				LastUpgradeCheck = 1010;
				ORGANIZATIONNAME = "Saleh Enam Shohag";
				TargetAttributes = {
					89BBCC38220703520096169F = {
						CreatedOnToolsVersion = 10.1;
					};
					89BBCC4C220703670096169F = {
						CreatedOnToolsVersion = 10.1;
						TestTargetID = 89BBCC38220703520096169F;
					};
					89BBCC57220703670096169F = {
						CreatedOnToolsVersion = 10.1;
						TestTargetID = 89BBCC38220703520096169F;
					};
				};
			};
			buildConfigurationList = 89BBCC34220703520096169F /* Build configuration list for PBXProject "Threads" */;
			compatibilityVersion = "Xcode 9.3";
			developmentRegion = en;
			hasScannedForEncodings = 0;
			knownRegions = (
				en,
				Base,
			);
			mainGroup = 89BBCC30220703520096169F;
			productRefGroup = 89BBCC3A220703520096169F /* Products */;
			projectDirPath = "";
			projectRoot = "";
			targets = (
				89BBCC38220703520096169F /* Threads */,
				89BBCC4C220703670096169F /* ThreadsTests */,
				89BBCC57220703670096169F /* ThreadsUITests */,
			);
		};
/* End PBXProject section */

/* Begin PBXResourcesBuildPhase section */
		89BBCC37220703520096169F /* Resources */ = {
			isa = PBXResourcesBuildPhase;
			buildActionMask = 2147483647;
			files = (
				89BBCC47220703670096169F /* LaunchScreen.storyboard in Resources */,
				89BBCC44220703670096169F /* Assets.xcassets in Resources */,
				89BBCC42220703520096169F /* Main.storyboard in Resources */,
			);
			runOnlyForDeploymentPostprocessing = 0;
		};
		89BBCC4B220703670096169F /* Resources */ = {
			isa = PBXResourcesBuildPhase;
			buildActionMask = 2147483647;
			files = (
			);
			runOnlyForDeploymentPostprocessing = 0;
		};
		89BBCC56220703670096169F /* Resources */ = {
			isa = PBXResourcesBuildPhase;
			buildActionMask = 2147483647;
			files = (
			);
			runOnlyForDeploymentPostprocessing = 0;
		};
/* End PBXResourcesBuildPhase section */

/* Begin PBXSourcesBuildPhase section */
		89BBCC35220703520096169F /* Sources */ = {
			isa = PBXSourcesBuildPhase;
			buildActionMask = 2147483647;
			files = (
				89BBCC3F220703520096169F /* ViewController.swift in Sources */,
				89BBCC3D220703520096169F /* AppDelegate.swift in Sources */,
			);
			runOnlyForDeploymentPostprocessing = 0;
		};
		89BBCC49220703670096169F /* Sources */ = {
			isa = PBXSourcesBuildPhase;
			buildActionMask = 2147483647;
			files = (
				89BBCC52220703670096169F /* ThreadsTests.swift in Sources */,
			);
			runOnlyForDeploymentPostprocessing = 0;
		};
		89BBCC54220703670096169F /* Sources */ = {
			isa = PBXSourcesBuildPhase;
			buildActionMask = 2147483647;
			files = (
				89BBCC5D220703670096169F /* ThreadsUITests.swift in Sources */,
			);
			runOnlyForDeploymentPostprocessing = 0;
		};
/* End PBXSourcesBuildPhase section */

/* Begin PBXTargetDependency section */
		89BBCC4F220703670096169F /* PBXTargetDependency */ = {
			isa = PBXTargetDependency;
			target = 89BBCC38220703520096169F /* Threads */;
			targetProxy = 89BBCC4E220703670096169F /* PBXContainerItemProxy */;
		};
		89BBCC5A220703670096169F /* PBXTargetDependency */ = {
			isa = PBXTargetDependency;
			target = 89BBCC38220703520096169F /* Threads */;
			targetProxy = 89BBCC59220703670096169F /* PBXContainerItemProxy */;
		};
/* End PBXTargetDependency section */

/* Begin PBXVariantGroup section */
		89BBCC40220703520096169F /* Main.storyboard */ = {
			isa = PBXVariantGroup;
			children = (
				89BBCC41220703520096169F /* Base */,
			);
			name = Main.storyboard;
			sourceTree = "<group>";
		};
		89BBCC45220703670096169F /* LaunchScreen.storyboard */ = {
			isa = PBXVariantGroup;
			children = (
				89BBCC46220703670096169F /* Base */,
			);
			name = LaunchScreen.storyboard;
			sourceTree = "<group>";
		};
/* End PBXVariantGroup section */

/* Begin XCBuildConfiguration section */
		89BBCC5F220703670096169F /* Debug */ = {
			isa = XCBuildConfiguration;
			buildSettings = {
				ALWAYS_SEARCH_USER_PATHS = NO;
				CLANG_ANALYZER_NONNULL = YES;
				CLANG_ANALYZER_NUMBER_OBJECT_CONVERSION = YES_AGGRESSIVE;
				CLANG_CXX_LANGUAGE_STANDARD = "gnu++14";
				CLANG_CXX_LIBRARY = "libc++";
				CLANG_ENABLE_MODULES = YES;
				CLANG_ENABLE_OBJC_ARC = YES;
				CLANG_ENABLE_OBJC_WEAK = YES;
				CLANG_WARN_BLOCK_CAPTURE_AUTORELEASING = YES;
				CLANG_WARN_BOOL_CONVERSION = YES;
				CLANG_WARN_COMMA = YES;
				CLANG_WARN_CONSTANT_CONVERSION = YES;
				CLANG_WARN_DEPRECATED_OBJC_IMPLEMENTATIONS = YES;
				CLANG_WARN_DIRECT_OBJC_ISA_USAGE = YES_ERROR;
				CLANG_WARN_DOCUMENTATION_COMMENTS = YES;
				CLANG_WARN_EMPTY_BODY = YES;
				CLANG_WARN_ENUM_CONVERSION = YES;
				CLANG_WARN_INFINITE_RECURSION = YES;
				CLANG_WARN_INT_CONVERSION = YES;
				CLANG_WARN_NON_LITERAL_NULL_CONVERSION = YES;
				CLANG_WARN_OBJC_IMPLICIT_RETAIN_SELF = YES;
				CLANG_WARN_OBJC_LITERAL_CONVERSION = YES;
				CLANG_WARN_OBJC_ROOT_CLASS = YES_ERROR;
				CLANG_WARN_RANGE_LOOP_ANALYSIS = YES;
				CLANG_WARN_STRICT_PROTOTYPES = YES;
				CLANG_WARN_SUSPICIOUS_MOVE = YES;
				CLANG_WARN_UNGUARDED_AVAILABILITY = YES_AGGRESSIVE;
				CLANG_WARN_UNREACHABLE_CODE = YES;
				CLANG_WARN__DUPLICATE_METHOD_MATCH = YES;
				CODE_SIGN_IDENTITY = "iPhone Developer";
				COPY_PHASE_STRIP = NO;
				DEBUG_INFORMATION_FORMAT = dwarf;
				ENABLE_STRICT_OBJC_MSGSEND = YES;
				ENABLE_TESTABILITY = YES;
				GCC_C_LANGUAGE_STANDARD = gnu11;
				GCC_DYNAMIC_NO_PIC = NO;
				GCC_NO_COMMON_BLOCKS = YES;
				GCC_OPTIMIZATION_LEVEL = 0;
				GCC_PREPROCESSOR_DEFINITIONS = (
					"DEBUG=1",
					"$(inherited)",
				);
				GCC_WARN_64_TO_32_BIT_CONVERSION = YES;
				GCC_WARN_ABOUT_RETURN_TYPE = YES_ERROR;
				GCC_WARN_UNDECLARED_SELECTOR = YES;
				GCC_WARN_UNINITIALIZED_AUTOS = YES_AGGRESSIVE;
				GCC_WARN_UNUSED_FUNCTION = YES;
				GCC_WARN_UNUSED_VARIABLE = YES;
				IPHONEOS_DEPLOYMENT_TARGET = 12.1;
				MTL_ENABLE_DEBUG_INFO = INCLUDE_SOURCE;
				MTL_FAST_MATH = YES;
				ONLY_ACTIVE_ARCH = YES;
				SDKROOT = iphoneos;
				SWIFT_ACTIVE_COMPILATION_CONDITIONS = DEBUG;
				SWIFT_OPTIMIZATION_LEVEL = "-Onone";
			};
			name = Debug;
		};
		89BBCC60220703670096169F /* Release */ = {
			isa = XCBuildConfiguration;
			buildSettings = {
				ALWAYS_SEARCH_USER_PATHS = NO;
				CLANG_ANALYZER_NONNULL = YES;
				CLANG_ANALYZER_NUMBER_OBJECT_CONVERSION = YES_AGGRESSIVE;
				CLANG_CXX_LANGUAGE_STANDARD = "gnu++14";
				CLANG_CXX_LIBRARY = "libc++";
				CLANG_ENABLE_MODULES = YES;
				CLANG_ENABLE_OBJC_ARC = YES;
				CLANG_ENABLE_OBJC_WEAK = YES;
				CLANG_WARN_BLOCK_CAPTURE_AUTORELEASING = YES;
				CLANG_WARN_BOOL_CONVERSION = YES;
				CLANG_WARN_COMMA = YES;
				CLANG_WARN_CONSTANT_CONVERSION = YES;
				CLANG_WARN_DEPRECATED_OBJC_IMPLEMENTATIONS = YES;
				CLANG_WARN_DIRECT_OBJC_ISA_USAGE = YES_ERROR;
				CLANG_WARN_DOCUMENTATION_COMMENTS = YES;
				CLANG_WARN_EMPTY_BODY = YES;
				CLANG_WARN_ENUM_CONVERSION = YES;
				CLANG_WARN_INFINITE_RECURSION = YES;
				CLANG_WARN_INT_CONVERSION = YES;
				CLANG_WARN_NON_LITERAL_NULL_CONVERSION = YES;
				CLANG_WARN_OBJC_IMPLICIT_RETAIN_SELF = YES;
				CLANG_WARN_OBJC_LITERAL_CONVERSION = YES;
				CLANG_WARN_OBJC_ROOT_CLASS = YES_ERROR;
				CLANG_WARN_RANGE_LOOP_ANALYSIS = YES;
				CLANG_WARN_STRICT_PROTOTYPES = YES;
				CLANG_WARN_SUSPICIOUS_MOVE = YES;
				CLANG_WARN_UNGUARDED_AVAILABILITY = YES_AGGRESSIVE;
				CLANG_WARN_UNREACHABLE_CODE = YES;
				CLANG_WARN__DUPLICATE_METHOD_MATCH = YES;
				CODE_SIGN_IDENTITY = "iPhone Developer";
				COPY_PHASE_STRIP = NO;
				DEBUG_INFORMATION_FORMAT = "dwarf-with-dsym";
				ENABLE_NS_ASSERTIONS = NO;
				ENABLE_STRICT_OBJC_MSGSEND = YES;
				GCC_C_LANGUAGE_STANDARD = gnu11;
				GCC_NO_COMMON_BLOCKS = YES;
				GCC_WARN_64_TO_32_BIT_CONVERSION = YES;
				GCC_WARN_ABOUT_RETURN_TYPE = YES_ERROR;
				GCC_WARN_UNDECLARED_SELECTOR = YES;
				GCC_WARN_UNINITIALIZED_AUTOS = YES_AGGRESSIVE;
				GCC_WARN_UNUSED_FUNCTION = YES;
				GCC_WARN_UNUSED_VARIABLE = YES;
				IPHONEOS_DEPLOYMENT_TARGET = 12.1;
				MTL_ENABLE_DEBUG_INFO = NO;
				MTL_FAST_MATH = YES;
				SDKROOT = iphoneos;
				SWIFT_COMPILATION_MODE = wholemodule;
				SWIFT_OPTIMIZATION_LEVEL = "-O";
				VALIDATE_PRODUCT = YES;
			};
			name = Release;
		};
		89BBCC62220703670096169F /* Debug */ = {
			isa = XCBuildConfiguration;
			buildSettings = {
				ASSETCATALOG_COMPILER_APPICON_NAME = AppIcon;
				CODE_SIGN_STYLE = Automatic;
				INFOPLIST_FILE = Threads/Info.plist;
				LD_RUNPATH_SEARCH_PATHS = (
					"$(inherited)",
					"@executable_path/Frameworks",
				);
				PRODUCT_BUNDLE_IDENTIFIER = shohag.protocols.Threads;
				PRODUCT_NAME = "$(TARGET_NAME)";
				SWIFT_VERSION = 4.2;
				TARGETED_DEVICE_FAMILY = "1,2";
			};
			name = Debug;
		};
		89BBCC63220703670096169F /* Release */ = {
			isa = XCBuildConfiguration;
			buildSettings = {
				ASSETCATALOG_COMPILER_APPICON_NAME = AppIcon;
				CODE_SIGN_STYLE = Automatic;
				INFOPLIST_FILE = Threads/Info.plist;
				LD_RUNPATH_SEARCH_PATHS = (
					"$(inherited)",
					"@executable_path/Frameworks",
				);
				PRODUCT_BUNDLE_IDENTIFIER = shohag.protocols.Threads;
				PRODUCT_NAME = "$(TARGET_NAME)";
				SWIFT_VERSION = 4.2;
				TARGETED_DEVICE_FAMILY = "1,2";
			};
			name = Release;
		};
		89BBCC65220703670096169F /* Debug */ = {
			isa = XCBuildConfiguration;
			buildSettings = {
				ALWAYS_EMBED_SWIFT_STANDARD_LIBRARIES = YES;
				BUNDLE_LOADER = "$(TEST_HOST)";
				CODE_SIGN_STYLE = Automatic;
				INFOPLIST_FILE = ThreadsTests/Info.plist;
				LD_RUNPATH_SEARCH_PATHS = (
					"$(inherited)",
					"@executable_path/Frameworks",
					"@loader_path/Frameworks",
				);
				PRODUCT_BUNDLE_IDENTIFIER = shohag.protocols.ThreadsTests;
				PRODUCT_NAME = "$(TARGET_NAME)";
				SWIFT_VERSION = 4.2;
				TARGETED_DEVICE_FAMILY = "1,2";
				TEST_HOST = "$(BUILT_PRODUCTS_DIR)/Threads.app/Threads";
			};
			name = Debug;
		};
		89BBCC66220703670096169F /* Release */ = {
			isa = XCBuildConfiguration;
			buildSettings = {
				ALWAYS_EMBED_SWIFT_STANDARD_LIBRARIES = YES;
				BUNDLE_LOADER = "$(TEST_HOST)";
				CODE_SIGN_STYLE = Automatic;
				INFOPLIST_FILE = ThreadsTests/Info.plist;
				LD_RUNPATH_SEARCH_PATHS = (
					"$(inherited)",
					"@executable_path/Frameworks",
					"@loader_path/Frameworks",
				);
				PRODUCT_BUNDLE_IDENTIFIER = shohag.protocols.ThreadsTests;
				PRODUCT_NAME = "$(TARGET_NAME)";
				SWIFT_VERSION = 4.2;
				TARGETED_DEVICE_FAMILY = "1,2";
				TEST_HOST = "$(BUILT_PRODUCTS_DIR)/Threads.app/Threads";
			};
			name = Release;
		};
		89BBCC68220703670096169F /* Debug */ = {
			isa = XCBuildConfiguration;
			buildSettings = {
				ALWAYS_EMBED_SWIFT_STANDARD_LIBRARIES = YES;
				CODE_SIGN_STYLE = Automatic;
				INFOPLIST_FILE = ThreadsUITests/Info.plist;
				LD_RUNPATH_SEARCH_PATHS = (
					"$(inherited)",
					"@executable_path/Frameworks",
					"@loader_path/Frameworks",
				);
				PRODUCT_BUNDLE_IDENTIFIER = shohag.protocols.ThreadsUITests;
				PRODUCT_NAME = "$(TARGET_NAME)";
				SWIFT_VERSION = 4.2;
				TARGETED_DEVICE_FAMILY = "1,2";
				TEST_TARGET_NAME = Threads;
			};
			name = Debug;
		};
		89BBCC69220703670096169F /* Release */ = {
			isa = XCBuildConfiguration;
			buildSettings = {
				ALWAYS_EMBED_SWIFT_STANDARD_LIBRARIES = YES;
				CODE_SIGN_STYLE = Automatic;
				INFOPLIST_FILE = ThreadsUITests/Info.plist;
				LD_RUNPATH_SEARCH_PATHS = (
					"$(inherited)",
					"@executable_path/Frameworks",
					"@loader_path/Frameworks",
				);
				PRODUCT_BUNDLE_IDENTIFIER = shohag.protocols.ThreadsUITests;
				PRODUCT_NAME = "$(TARGET_NAME)";
				SWIFT_VERSION = 4.2;
				TARGETED_DEVICE_FAMILY = "1,2";
				TEST_TARGET_NAME = Threads;
			};
			name = Release;
		};
/* End XCBuildConfiguration section */

/* Begin XCConfigurationList section */
		89BBCC34220703520096169F /* Build configuration list for PBXProject "Threads" */ = {
			isa = XCConfigurationList;
			buildConfigurations = (
				89BBCC5F220703670096169F /* Debug */,
				89BBCC60220703670096169F /* Release */,
			);
			defaultConfigurationIsVisible = 0;
			defaultConfigurationName = Release;
		};
		89BBCC61220703670096169F /* Build configuration list for PBXNativeTarget "Threads" */ = {
			isa = XCConfigurationList;
			buildConfigurations = (
				89BBCC62220703670096169F /* Debug */,
				89BBCC63220703670096169F /* Release */,
			);
			defaultConfigurationIsVisible = 0;
			defaultConfigurationName = Release;
		};
		89BBCC64220703670096169F /* Build configuration list for PBXNativeTarget "ThreadsTests" */ = {
			isa = XCConfigurationList;
			buildConfigurations = (
				89BBCC65220703670096169F /* Debug */,
				89BBCC66220703670096169F /* Release */,
			);
			defaultConfigurationIsVisible = 0;
			defaultConfigurationName = Release;
		};
		89BBCC67220703670096169F /* Build configuration list for PBXNativeTarget "ThreadsUITests" */ = {
			isa = XCConfigurationList;
			buildConfigurations = (
				89BBCC68220703670096169F /* Debug */,
				89BBCC69220703670096169F /* Release */,
			);
			defaultConfigurationIsVisible = 0;
			defaultConfigurationName = Release;
		};
/* End XCConfigurationList section */
	};
	rootObject = 89BBCC31220703520096169F /* Project object */;
}
